
Microsoft Visual Studio Solution File, Format Version 12.00
# Visual Studio Version 17
VisualStudioVersion = 17.4.33213.308
MinimumVisualStudioVersion = 10.0.40219.1
Project("{888888A0-9F3D-457C-B088-3A5042F75D52}") = "TARpv23_1", "TARpv23_1.pyproj", "{ADAE2317-C230-4CC4-8971-E81A8B344915}"
EndProject
Global
	GlobalSection(SolutionConfigurationPlatforms) = preSolution
		Debug|Any CPU = Debug|Any CPU
		Release|Any CPU = Release|Any CPU
	EndGlobalSection
	GlobalSection(ProjectConfigurationPlatforms) = postSolution
		{ADAE2317-C230-4CC4-8971-E81A8B344915}.Debug|Any CPU.ActiveCfg = Debug|Any CPU
		{ADAE2317-C230-4CC4-8971-E81A8B344915}.Release|Any CPU.ActiveCfg = Release|Any CPU
	EndGlobalSection
	GlobalSection(SolutionProperties) = preSolution
		HideSolutionNode = FALSE
	EndGlobalSection
	GlobalSection(ExtensibilityGlobals) = postSolution
		SolutionGuid = {C78DF9BF-B739-4500-AB78-39AC220B6FBF}
	EndGlobalSection
EndGlobal
